{
  "name": "xxx",
  "version": "1.0.0",
  "lockfileVersion": 1,
  "requires": true,
  "dependencies": {
    "fs": {
      "version": "0.0.1-security",
      "resolved": "http://registry.npm.taobao.org/fs/download/fs-0.0.1-security.tgz",
      "integrity": "sha1-invTcYa23d84E/I4WLV+yq9eQdQ="
    },
    "xmlstring2json": {
      "version": "0.1.9",
      "resolved": "http://registry.npm.taobao.org/xmlstring2json/download/xmlstring2json-0.1.9.tgz",
      "integrity": "sha1-YurkZYlJTx5ArzxSCTUd+Y0lqFs="
    }
  }
}
